// !$*UTF8*$!
{
	archiveVersion = 1;
	classes = {
	};
	objectVersion = 46;
	objects = {

/* Begin PBXBuildFile section */
		8ECAC8101DEE274100A033C9 /* AppDelegate.swift in Sources */ = {isa = PBXBuildFile; fileRef = 8ECAC80F1DEE274100A033C9 /* AppDelegate.swift */; };
		8ECAC8121DEE274100A033C9 /* ViewController.swift in Sources */ = {isa = PBXBuildFile; fileRef = 8ECAC8111DEE274100A033C9 /* ViewController.swift */; };
		8ECAC8151DEE274100A033C9 /* Main.storyboard in Resources */ = {isa = PBXBuildFile; fileRef = 8ECAC8131DEE274100A033C9 /* Main.storyboard */; };
		8ECAC8181DEE274100A033C9 /* HRview.xcdatamodeld in Sources */ = {isa = PBXBuildFile; fileRef = 8ECAC8161DEE274100A033C9 /* HRview.xcdatamodeld */; };
		8ECAC81A1DEE274100A033C9 /* Assets.xcassets in Resources */ = {isa = PBXBuildFile; fileRef = 8ECAC8191DEE274100A033C9 /* Assets.xcassets */; };
		8ECAC81D1DEE274100A033C9 /* LaunchScreen.storyboard in Resources */ = {isa = PBXBuildFile; fileRef = 8ECAC81B1DEE274100A033C9 /* LaunchScreen.storyboard */; };
		8ECAC8281DEE274100A033C9 /* HRviewTests.swift in Sources */ = {isa = PBXBuildFile; fileRef = 8ECAC8271DEE274100A033C9 /* HRviewTests.swift */; };
		8ECAC8331DEE274100A033C9 /* HRviewUITests.swift in Sources */ = {isa = PBXBuildFile; fileRef = 8ECAC8321DEE274100A033C9 /* HRviewUITests.swift */; };
/* End PBXBuildFile section */

/* Begin PBXContainerItemProxy section */
		8ECAC8241DEE274100A033C9 /* PBXContainerItemProxy */ = {
			isa = PBXContainerItemProxy;
			containerPortal = 8ECAC8041DEE274100A033C9 /* Project object */;
			proxyType = 1;
			remoteGlobalIDString = 8ECAC80B1DEE274100A033C9;
			remoteInfo = HRview;
		};
		8ECAC82F1DEE274100A033C9 /* PBXContainerItemProxy */ = {
			isa = PBXContainerItemProxy;
			containerPortal = 8ECAC8041DEE274100A033C9 /* Project object */;
			proxyType = 1;
			remoteGlobalIDString = 8ECAC80B1DEE274100A033C9;
			remoteInfo = HRview;
		};
/* End PBXContainerItemProxy section */

/* Begin PBXFileReference section */
		8ECAC80C1DEE274100A033C9 /* HRview.app */ = {isa = PBXFileReference; explicitFileType = wrapper.application; includeInIndex = 0; path = HRview.app; sourceTree = BUILT_PRODUCTS_DIR; };
		8ECAC80F1DEE274100A033C9 /* AppDelegate.swift */ = {isa = PBXFileReference; lastKnownFileType = sourcecode.swift; path = AppDelegate.swift; sourceTree = "<group>"; };
		8ECAC8111DEE274100A033C9 /* ViewController.swift */ = {isa = PBXFileReference; lastKnownFileType = sourcecode.swift; path = ViewController.swift; sourceTree = "<group>"; };
		8ECAC8141DEE274100A033C9 /* Base */ = {isa = PBXFileReference; lastKnownFileType = file.storyboard; name = Base; path = Base.lproj/Main.storyboard; sourceTree = "<group>"; };
		8ECAC8171DEE274100A033C9 /* HRview.xcdatamodel */ = {isa = PBXFileReference; lastKnownFileType = wrapper.xcdatamodel; path = HRview.xcdatamodel; sourceTree = "<group>"; };
		8ECAC8191DEE274100A033C9 /* Assets.xcassets */ = {isa = PBXFileReference; lastKnownFileType = folder.assetcatalog; path = Assets.xcassets; sourceTree = "<group>"; };
		8ECAC81C1DEE274100A033C9 /* Base */ = {isa = PBXFileReference; lastKnownFileType = file.storyboard; name = Base; path = Base.lproj/LaunchScreen.storyboard; sourceTree = "<group>"; };
		8ECAC81E1DEE274100A033C9 /* Info.plist */ = {isa = PBXFileReference; lastKnownFileType = text.plist.xml; path = Info.plist; sourceTree = "<group>"; };
		8ECAC8231DEE274100A033C9 /* HRviewTests.xctest */ = {isa = PBXFileReference; explicitFileType = wrapper.cfbundle; includeInIndex = 0; path = HRviewTests.xctest; sourceTree = BUILT_PRODUCTS_DIR; };
		8ECAC8271DEE274100A033C9 /* HRviewTests.swift */ = {isa = PBXFileReference; lastKnownFileType = sourcecode.swift; path = HRviewTests.swift; sourceTree = "<group>"; };
		8ECAC8291DEE274100A033C9 /* Info.plist */ = {isa = PBXFileReference; lastKnownFileType = text.plist.xml; path = Info.plist; sourceTree = "<group>"; };
		8ECAC82E1DEE274100A033C9 /* HRviewUITests.xctest */ = {isa = PBXFileReference; explicitFileType = wrapper.cfbundle; includeInIndex = 0; path = HRviewUITests.xctest; sourceTree = BUILT_PRODUCTS_DIR; };
		8ECAC8321DEE274100A033C9 /* HRviewUITests.swift */ = {isa = PBXFileReference; lastKnownFileType = sourcecode.swift; path = HRviewUITests.swift; sourceTree = "<group>"; };
		8ECAC8341DEE274100A033C9 /* Info.plist */ = {isa = PBXFileReference; lastKnownFileType = text.plist.xml; path = Info.plist; sourceTree = "<group>"; };
/* End PBXFileReference section */

/* Begin PBXFrameworksBuildPhase section */
		8ECAC8091DEE274100A033C9 /* Frameworks */ = {
			isa = PBXFrameworksBuildPhase;
			buildActionMask = 2147483647;
			files = (
			);
			runOnlyForDeploymentPostprocessing = 0;
		};
		8ECAC8201DEE274100A033C9 /* Frameworks */ = {
			isa = PBXFrameworksBuildPhase;
			buildActionMask = 2147483647;
			files = (
			);
			runOnlyForDeploymentPostprocessing = 0;
		};
		8ECAC82B1DEE274100A033C9 /* Frameworks */ = {
			isa = PBXFrameworksBuildPhase;
			buildActionMask = 2147483647;
			files = (
			);
			runOnlyForDeploymentPostprocessing = 0;
		};
/* End PBXFrameworksBuildPhase section */

/* Begin PBXGroup section */
		8ECAC8031DEE274100A033C9 = {
			isa = PBXGroup;
			children = (
				8ECAC80E1DEE274100A033C9 /* HRview */,
				8ECAC8261DEE274100A033C9 /* HRviewTests */,
				8ECAC8311DEE274100A033C9 /* HRviewUITests */,
				8ECAC80D1DEE274100A033C9 /* Products */,
			);
			sourceTree = "<group>";
		};
		8ECAC80D1DEE274100A033C9 /* Products */ = {
			isa = PBXGroup;
			children = (
				8ECAC80C1DEE274100A033C9 /* HRview.app */,
				8ECAC8231DEE274100A033C9 /* HRviewTests.xctest */,
				8ECAC82E1DEE274100A033C9 /* HRviewUITests.xctest */,
			);
			name = Products;
			sourceTree = "<group>";
		};
		8ECAC80E1DEE274100A033C9 /* HRview */ = {
			isa = PBXGroup;
			children = (
				8ECAC80F1DEE274100A033C9 /* AppDelegate.swift */,
				8ECAC8111DEE274100A033C9 /* ViewController.swift */,
				8ECAC8131DEE274100A033C9 /* Main.storyboard */,
				8ECAC8191DEE274100A033C9 /* Assets.xcassets */,
				8ECAC81B1DEE274100A033C9 /* LaunchScreen.storyboard */,
				8ECAC81E1DEE274100A033C9 /* Info.plist */,
				8ECAC8161DEE274100A033C9 /* HRview.xcdatamodeld */,
			);
			path = HRview;
			sourceTree = "<group>";
		};
		8ECAC8261DEE274100A033C9 /* HRviewTests */ = {
			isa = PBXGroup;
			children = (
				8ECAC8271DEE274100A033C9 /* HRviewTests.swift */,
				8ECAC8291DEE274100A033C9 /* Info.plist */,
			);
			path = HRviewTests;
			sourceTree = "<group>";
		};
		8ECAC8311DEE274100A033C9 /* HRviewUITests */ = {
			isa = PBXGroup;
			children = (
				8ECAC8321DEE274100A033C9 /* HRviewUITests.swift */,
				8ECAC8341DEE274100A033C9 /* Info.plist */,
			);
			path = HRviewUITests;
			sourceTree = "<group>";
		};
/* End PBXGroup section */

/* Begin PBXNativeTarget section */
		8ECAC80B1DEE274100A033C9 /* HRview */ = {
			isa = PBXNativeTarget;
			buildConfigurationList = 8ECAC8371DEE274100A033C9 /* Build configuration list for PBXNativeTarget "HRview" */;
			buildPhases = (
				8ECAC8081DEE274100A033C9 /* Sources */,
				8ECAC8091DEE274100A033C9 /* Frameworks */,
				8ECAC80A1DEE274100A033C9 /* Resources */,
			);
			buildRules = (
			);
			dependencies = (
			);
			name = HRview;
			productName = HRview;
			productReference = 8ECAC80C1DEE274100A033C9 /* HRview.app */;
			productType = "com.apple.product-type.application";
		};
		8ECAC8221DEE274100A033C9 /* HRviewTests */ = {
			isa = PBXNativeTarget;
			buildConfigurationList = 8ECAC83A1DEE274100A033C9 /* Build configuration list for PBXNativeTarget "HRviewTests" */;
			buildPhases = (
				8ECAC81F1DEE274100A033C9 /* Sources */,
				8ECAC8201DEE274100A033C9 /* Frameworks */,
				8ECAC8211DEE274100A033C9 /* Resources */,
			);
			buildRules = (
			);
			dependencies = (
				8ECAC8251DEE274100A033C9 /* PBXTargetDependency */,
			);
			name = HRviewTests;
			productName = HRviewTests;
			productReference = 8ECAC8231DEE274100A033C9 /* HRviewTests.xctest */;
			productType = "com.apple.product-type.bundle.unit-test";
		};
		8ECAC82D1DEE274100A033C9 /* HRviewUITests */ = {
			isa = PBXNativeTarget;
			buildConfigurationList = 8ECAC83D1DEE274100A033C9 /* Build configuration list for PBXNativeTarget "HRviewUITests" */;
			buildPhases = (
				8ECAC82A1DEE274100A033C9 /* Sources */,
				8ECAC82B1DEE274100A033C9 /* Frameworks */,
				8ECAC82C1DEE274100A033C9 /* Resources */,
			);
			buildRules = (
			);
			dependencies = (
				8ECAC8301DEE274100A033C9 /* PBXTargetDependency */,
			);
			name = HRviewUITests;
			productName = HRviewUITests;
			productReference = 8ECAC82E1DEE274100A033C9 /* HRviewUITests.xctest */;
			productType = "com.apple.product-type.bundle.ui-testing";
		};
/* End PBXNativeTarget section */

/* Begin PBXProject section */
		8ECAC8041DEE274100A033C9 /* Project object */ = {
			isa = PBXProject;
			attributes = {
				LastSwiftUpdateCheck = 0810;
				LastUpgradeCheck = 0810;
				ORGANIZATIONNAME = simpleCoding;
				TargetAttributes = {
					8ECAC80B1DEE274100A033C9 = {
						CreatedOnToolsVersion = 8.1;
						DevelopmentTeam = 83M9X3N895;
						ProvisioningStyle = Automatic;
					};
					8ECAC8221DEE274100A033C9 = {
						CreatedOnToolsVersion = 8.1;
						DevelopmentTeam = 83M9X3N895;
						ProvisioningStyle = Automatic;
						TestTargetID = 8ECAC80B1DEE274100A033C9;
					};
					8ECAC82D1DEE274100A033C9 = {
						CreatedOnToolsVersion = 8.1;
						DevelopmentTeam = 83M9X3N895;
						ProvisioningStyle = Automatic;
						TestTargetID = 8ECAC80B1DEE274100A033C9;
					};
				};
			};
			buildConfigurationList = 8ECAC8071DEE274100A033C9 /* Build configuration list for PBXProject "HRview" */;
			compatibilityVersion = "Xcode 3.2";
			developmentRegion = English;
			hasScannedForEncodings = 0;
			knownRegions = (
				en,
				Base,
			);
			mainGroup = 8ECAC8031DEE274100A033C9;
			productRefGroup = 8ECAC80D1DEE274100A033C9 /* Products */;
			projectDirPath = "";
			projectRoot = "";
			targets = (
				8ECAC80B1DEE274100A033C9 /* HRview */,
				8ECAC8221DEE274100A033C9 /* HRviewTests */,
				8ECAC82D1DEE274100A033C9 /* HRviewUITests */,
			);
		};
/* End PBXProject section */

/* Begin PBXResourcesBuildPhase section */
		8ECAC80A1DEE274100A033C9 /* Resources */ = {
			isa = PBXResourcesBuildPhase;
			buildActionMask = 2147483647;
			files = (
				8ECAC81D1DEE274100A033C9 /* LaunchScreen.storyboard in Resources */,
				8ECAC81A1DEE274100A033C9 /* Assets.xcassets in Resources */,
				8ECAC8151DEE274100A033C9 /* Main.storyboard in Resources */,
			);
			runOnlyForDeploymentPostprocessing = 0;
		};
		8ECAC8211DEE274100A033C9 /* Resources */ = {
			isa = PBXResourcesBuildPhase;
			buildActionMask = 2147483647;
			files = (
			);
			runOnlyForDeploymentPostprocessing = 0;
		};
		8ECAC82C1DEE274100A033C9 /* Resources */ = {
			isa = PBXResourcesBuildPhase;
			buildActionMask = 2147483647;
			files = (
			);
			runOnlyForDeploymentPostprocessing = 0;
		};
/* End PBXResourcesBuildPhase section */

/* Begin PBXSourcesBuildPhase section */
		8ECAC8081DEE274100A033C9 /* Sources */ = {
			isa = PBXSourcesBuildPhase;
			buildActionMask = 2147483647;
			files = (
				8ECAC8121DEE274100A033C9 /* ViewController.swift in Sources */,
				8ECAC8181DEE274100A033C9 /* HRview.xcdatamodeld in Sources */,
				8ECAC8101DEE274100A033C9 /* AppDelegate.swift in Sources */,
			);
			runOnlyForDeploymentPostprocessing = 0;
		};
		8ECAC81F1DEE274100A033C9 /* Sources */ = {
			isa = PBXSourcesBuildPhase;
			buildActionMask = 2147483647;
			files = (
				8ECAC8281DEE274100A033C9 /* HRviewTests.swift in Sources */,
			);
			runOnlyForDeploymentPostprocessing = 0;
		};
		8ECAC82A1DEE274100A033C9 /* Sources */ = {
			isa = PBXSourcesBuildPhase;
			buildActionMask = 2147483647;
			files = (
				8ECAC8331DEE274100A033C9 /* HRviewUITests.swift in Sources */,
			);
			runOnlyForDeploymentPostprocessing = 0;
		};
/* End PBXSourcesBuildPhase section */

/* Begin PBXTargetDependency section */
		8ECAC8251DEE274100A033C9 /* PBXTargetDependency */ = {
			isa = PBXTargetDependency;
			target = 8ECAC80B1DEE274100A033C9 /* HRview */;
			targetProxy = 8ECAC8241DEE274100A033C9 /* PBXContainerItemProxy */;
		};
		8ECAC8301DEE274100A033C9 /* PBXTargetDependency */ = {
			isa = PBXTargetDependency;
			target = 8ECAC80B1DEE274100A033C9 /* HRview */;
			targetProxy = 8ECAC82F1DEE274100A033C9 /* PBXContainerItemProxy */;
		};
/* End PBXTargetDependency section */

/* Begin PBXVariantGroup section */
		8ECAC8131DEE274100A033C9 /* Main.storyboard */ = {
			isa = PBXVariantGroup;
			children = (
				8ECAC8141DEE274100A033C9 /* Base */,
			);
			name = Main.storyboard;
			sourceTree = "<group>";
		};
		8ECAC81B1DEE274100A033C9 /* LaunchScreen.storyboard */ = {
			isa = PBXVariantGroup;
			children = (
				8ECAC81C1DEE274100A033C9 /* Base */,
			);
			name = LaunchScreen.storyboard;
			sourceTree = "<group>";
		};
/* End PBXVariantGroup section */

/* Begin XCBuildConfiguration section */
		8ECAC8351DEE274100A033C9 /* Debug */ = {
			isa = XCBuildConfiguration;
			buildSettings = {
				ALWAYS_SEARCH_USER_PATHS = NO;
				CLANG_ANALYZER_NONNULL = YES;
				CLANG_CXX_LANGUAGE_STANDARD = "gnu++0x";
				CLANG_CXX_LIBRARY = "libc++";
				CLANG_ENABLE_MODULES = YES;
				CLANG_ENABLE_OBJC_ARC = YES;
				CLANG_WARN_BOOL_CONVERSION = YES;
				CLANG_WARN_CONSTANT_CONVERSION = YES;
				CLANG_WARN_DIRECT_OBJC_ISA_USAGE = YES_ERROR;
				CLANG_WARN_DOCUMENTATION_COMMENTS = YES;
				CLANG_WARN_EMPTY_BODY = YES;
				CLANG_WARN_ENUM_CONVERSION = YES;
				CLANG_WARN_INFINITE_RECURSION = YES;
				CLANG_WARN_INT_CONVERSION = YES;
				CLANG_WARN_OBJC_ROOT_CLASS = YES_ERROR;
				CLANG_WARN_SUSPICIOUS_MOVES = YES;
				CLANG_WARN_UNREACHABLE_CODE = YES;
				CLANG_WARN__DUPLICATE_METHOD_MATCH = YES;
				"CODE_SIGN_IDENTITY[sdk=iphoneos*]" = "iPhone Developer";
				COPY_PHASE_STRIP = NO;
				DEBUG_INFORMATION_FORMAT = dwarf;
				ENABLE_STRICT_OBJC_MSGSEND = YES;
				ENABLE_TESTABILITY = YES;
				GCC_C_LANGUAGE_STANDARD = gnu99;
				GCC_DYNAMIC_NO_PIC = NO;
				GCC_NO_COMMON_BLOCKS = YES;
				GCC_OPTIMIZATION_LEVEL = 0;
				GCC_PREPROCESSOR_DEFINITIONS = (
					"DEBUG=1",
					"$(inherited)",
				);
				GCC_WARN_64_TO_32_BIT_CONVERSION = YES;
				GCC_WARN_ABOUT_RETURN_TYPE = YES_ERROR;
				GCC_WARN_UNDECLARED_SELECTOR = YES;
				GCC_WARN_UNINITIALIZED_AUTOS = YES_AGGRESSIVE;
				GCC_WARN_UNUSED_FUNCTION = YES;
				GCC_WARN_UNUSED_VARIABLE = YES;
				IPHONEOS_DEPLOYMENT_TARGET = 10.1;
				MTL_ENABLE_DEBUG_INFO = YES;
				ONLY_ACTIVE_ARCH = YES;
				SDKROOT = iphoneos;
				SWIFT_ACTIVE_COMPILATION_CONDITIONS = DEBUG;
				SWIFT_OPTIMIZATION_LEVEL = "-Onone";
				TARGETED_DEVICE_FAMILY = "1,2";
			};
			name = Debug;
		};
		8ECAC8361DEE274100A033C9 /* Release */ = {
			isa = XCBuildConfiguration;
			buildSettings = {
				ALWAYS_SEARCH_USER_PATHS = NO;
				CLANG_ANALYZER_NONNULL = YES;
				CLANG_CXX_LANGUAGE_STANDARD = "gnu++0x";
				CLANG_CXX_LIBRARY = "libc++";
				CLANG_ENABLE_MODULES = YES;
				CLANG_ENABLE_OBJC_ARC = YES;
				CLANG_WARN_BOOL_CONVERSION = YES;
				CLANG_WARN_CONSTANT_CONVERSION = YES;
				CLANG_WARN_DIRECT_OBJC_ISA_USAGE = YES_ERROR;
				CLANG_WARN_DOCUMENTATION_COMMENTS = YES;
				CLANG_WARN_EMPTY_BODY = YES;
				CLANG_WARN_ENUM_CONVERSION = YES;
				CLANG_WARN_INFINITE_RECURSION = YES;
				CLANG_WARN_INT_CONVERSION = YES;
				CLANG_WARN_OBJC_ROOT_CLASS = YES_ERROR;
				CLANG_WARN_SUSPICIOUS_MOVES = YES;
				CLANG_WARN_UNREACHABLE_CODE = YES;
				CLANG_WARN__DUPLICATE_METHOD_MATCH = YES;
				"CODE_SIGN_IDENTITY[sdk=iphoneos*]" = "iPhone Developer";
				COPY_PHASE_STRIP = NO;
				DEBUG_INFORMATION_FORMAT = "dwarf-with-dsym";
				ENABLE_NS_ASSERTIONS = NO;
				ENABLE_STRICT_OBJC_MSGSEND = YES;
				GCC_C_LANGUAGE_STANDARD = gnu99;
				GCC_NO_COMMON_BLOCKS = YES;
				GCC_WARN_64_TO_32_BIT_CONVERSION = YES;
				GCC_WARN_ABOUT_RETURN_TYPE = YES_ERROR;
				GCC_WARN_UNDECLARED_SELECTOR = YES;
				GCC_WARN_UNINITIALIZED_AUTOS = YES_AGGRESSIVE;
				GCC_WARN_UNUSED_FUNCTION = YES;
				GCC_WARN_UNUSED_VARIABLE = YES;
				IPHONEOS_DEPLOYMENT_TARGET = 10.1;
				MTL_ENABLE_DEBUG_INFO = NO;
				SDKROOT = iphoneos;
				SWIFT_OPTIMIZATION_LEVEL = "-Owholemodule";
				TARGETED_DEVICE_FAMILY = "1,2";
				VALIDATE_PRODUCT = YES;
			};
			name = Release;
		};
		8ECAC8381DEE274100A033C9 /* Debug */ = {
			isa = XCBuildConfiguration;
			buildSettings = {
				ASSETCATALOG_COMPILER_APPICON_NAME = AppIcon;
				DEVELOPMENT_TEAM = 83M9X3N895;
				INFOPLIST_FILE = HRview/Info.plist;
				LD_RUNPATH_SEARCH_PATHS = "$(inherited) @executable_path/Frameworks";
				PRODUCT_BUNDLE_IDENTIFIER = com.simpleCoding.HRview;
				PRODUCT_NAME = "$(TARGET_NAME)";
				SWIFT_VERSION = 3.0;
			};
			name = Debug;
		};
		8ECAC8391DEE274100A033C9 /* Release */ = {
			isa = XCBuildConfiguration;
			buildSettings = {
				ASSETCATALOG_COMPILER_APPICON_NAME = AppIcon;
				DEVELOPMENT_TEAM = 83M9X3N895;
				INFOPLIST_FILE = HRview/Info.plist;
				LD_RUNPATH_SEARCH_PATHS = "$(inherited) @executable_path/Frameworks";
				PRODUCT_BUNDLE_IDENTIFIER = com.simpleCoding.HRview;
				PRODUCT_NAME = "$(TARGET_NAME)";
				SWIFT_VERSION = 3.0;
			};
			name = Release;
		};
		8ECAC83B1DEE274100A033C9 /* Debug */ = {
			isa = XCBuildConfiguration;
			buildSettings = {
				ALWAYS_EMBED_SWIFT_STANDARD_LIBRARIES = YES;
				BUNDLE_LOADER = "$(TEST_HOST)";
				DEVELOPMENT_TEAM = 83M9X3N895;
				INFOPLIST_FILE = HRviewTests/Info.plist;
				LD_RUNPATH_SEARCH_PATHS = "$(inherited) @executable_path/Frameworks @loader_path/Frameworks";
				PRODUCT_BUNDLE_IDENTIFIER = com.simpleCoding.HRviewTests;
				PRODUCT_NAME = "$(TARGET_NAME)";
				SWIFT_VERSION = 3.0;
				TEST_HOST = "$(BUILT_PRODUCTS_DIR)/HRview.app/HRview";
			};
			name = Debug;
		};
		8ECAC83C1DEE274100A033C9 /* Release */ = {
			isa = XCBuildConfiguration;
			buildSettings = {
				ALWAYS_EMBED_SWIFT_STANDARD_LIBRARIES = YES;
				BUNDLE_LOADER = "$(TEST_HOST)";
				DEVELOPMENT_TEAM = 83M9X3N895;
				INFOPLIST_FILE = HRviewTests/Info.plist;
				LD_RUNPATH_SEARCH_PATHS = "$(inherited) @executable_path/Frameworks @loader_path/Frameworks";
				PRODUCT_BUNDLE_IDENTIFIER = com.simpleCoding.HRviewTests;
				PRODUCT_NAME = "$(TARGET_NAME)";
				SWIFT_VERSION = 3.0;
				TEST_HOST = "$(BUILT_PRODUCTS_DIR)/HRview.app/HRview";
			};
			name = Release;
		};
		8ECAC83E1DEE274100A033C9 /* Debug */ = {
			isa = XCBuildConfiguration;
			buildSettings = {
				ALWAYS_EMBED_SWIFT_STANDARD_LIBRARIES = YES;
				DEVELOPMENT_TEAM = 83M9X3N895;
				INFOPLIST_FILE = HRviewUITests/Info.plist;
				LD_RUNPATH_SEARCH_PATHS = "$(inherited) @executable_path/Frameworks @loader_path/Frameworks";
				PRODUCT_BUNDLE_IDENTIFIER = com.simpleCoding.HRviewUITests;
				PRODUCT_NAME = "$(TARGET_NAME)";
				SWIFT_VERSION = 3.0;
				TEST_TARGET_NAME = HRview;
			};
			name = Debug;
		};
		8ECAC83F1DEE274100A033C9 /* Release */ = {
			isa = XCBuildConfiguration;
			buildSettings = {
				ALWAYS_EMBED_SWIFT_STANDARD_LIBRARIES = YES;
				DEVELOPMENT_TEAM = 83M9X3N895;
				INFOPLIST_FILE = HRviewUITests/Info.plist;
				LD_RUNPATH_SEARCH_PATHS = "$(inherited) @executable_path/Frameworks @loader_path/Frameworks";
				PRODUCT_BUNDLE_IDENTIFIER = com.simpleCoding.HRviewUITests;
				PRODUCT_NAME = "$(TARGET_NAME)";
				SWIFT_VERSION = 3.0;
				TEST_TARGET_NAME = HRview;
			};
			name = Release;
		};
/* End XCBuildConfiguration section */

/* Begin XCConfigurationList section */
		8ECAC8071DEE274100A033C9 /* Build configuration list for PBXProject "HRview" */ = {
			isa = XCConfigurationList;
			buildConfigurations = (
				8ECAC8351DEE274100A033C9 /* Debug */,
				8ECAC8361DEE274100A033C9 /* Release */,
			);
			defaultConfigurationIsVisible = 0;
			defaultConfigurationName = Release;
		};
		8ECAC8371DEE274100A033C9 /* Build configuration list for PBXNativeTarget "HRview" */ = {
			isa = XCConfigurationList;
			buildConfigurations = (
				8ECAC8381DEE274100A033C9 /* Debug */,
				8ECAC8391DEE274100A033C9 /* Release */,
			);
			defaultConfigurationIsVisible = 0;
		};
		8ECAC83A1DEE274100A033C9 /* Build configuration list for PBXNativeTarget "HRviewTests" */ = {
			isa = XCConfigurationList;
			buildConfigurations = (
				8ECAC83B1DEE274100A033C9 /* Debug */,
				8ECAC83C1DEE274100A033C9 /* Release */,
			);
			defaultConfigurationIsVisible = 0;
		};
		8ECAC83D1DEE274100A033C9 /* Build configuration list for PBXNativeTarget "HRviewUITests" */ = {
			isa = XCConfigurationList;
			buildConfigurations = (
				8ECAC83E1DEE274100A033C9 /* Debug */,
				8ECAC83F1DEE274100A033C9 /* Release */,
			);
			defaultConfigurationIsVisible = 0;
		};
/* End XCConfigurationList section */

/* Begin XCVersionGroup section */
		8ECAC8161DEE274100A033C9 /* HRview.xcdatamodeld */ = {
			isa = XCVersionGroup;
			children = (
				8ECAC8171DEE274100A033C9 /* HRview.xcdatamodel */,
			);
			currentVersion = 8ECAC8171DEE274100A033C9 /* HRview.xcdatamodel */;
			path = HRview.xcdatamodeld;
			sourceTree = "<group>";
			versionGroupType = wrapper.xcdatamodel;
		};
/* End XCVersionGroup section */
	};
	rootObject = 8ECAC8041DEE274100A033C9 /* Project object */;
}
